{
  "name": "safe-react-simplemde-editor",
  "version": "0.1.0",
  "lockfileVersion": 1,
  "requires": true,
  "dependencies": {
    "webpack-node-externals": {
      "version": "1.6.0",
      "resolved": "https://registry.npmjs.org/webpack-node-externals/-/webpack-node-externals-1.6.0.tgz",
      "integrity": "sha1-Iyxi7GCSsQBjWj0p2DwXRxKN+b0=",
      "dev": true
    }
  }
}
